
Microsoft Visual Studio Solution File, Format Version 12.00
# Visual Studio Version 17
VisualStudioVersion = 17.9.34728.123
MinimumVisualStudioVersion = 10.0.40219.1
Project("{9A19103F-16F7-4668-BE54-9A1E7A4F7556}") = "Lesson 1 . Kestrel.IIS.Server", "Lesson 1 . Kestrel.IIS.Server\Lesson 1 . Kestrel.IIS.Server.csproj", "{D098CCEE-C6C8-4851-B783-3403E375E04F}"
EndProject
Project("{9A19103F-16F7-4668-BE54-9A1E7A4F7556}") = "Lesson 2", "Lesson 2\Lesson 2.csproj", "{BD4DEC35-3A84-4E38-A452-743A4A826374}"
EndProject
Project("{FAE04EC0-301F-11D3-BF4B-00C04F79EFBC}") = "RequestBody.Sample", "RequestBody.Sample\RequestBody.Sample.csproj", "{56569E1F-54BE-4B4E-8FDE-6719844DF17F}"
EndProject
Global
	GlobalSection(SolutionConfigurationPlatforms) = preSolution
		Debug|Any CPU = Debug|Any CPU
		Release|Any CPU = Release|Any CPU
	EndGlobalSection
	GlobalSection(ProjectConfigurationPlatforms) = postSolution
		{D098CCEE-C6C8-4851-B783-3403E375E04F}.Debug|Any CPU.ActiveCfg = Debug|Any CPU
		{D098CCEE-C6C8-4851-B783-3403E375E04F}.Debug|Any CPU.Build.0 = Debug|Any CPU
		{D098CCEE-C6C8-4851-B783-3403E375E04F}.Release|Any CPU.ActiveCfg = Release|Any CPU
		{D098CCEE-C6C8-4851-B783-3403E375E04F}.Release|Any CPU.Build.0 = Release|Any CPU
		{BD4DEC35-3A84-4E38-A452-743A4A826374}.Debug|Any CPU.ActiveCfg = Debug|Any CPU
		{BD4DEC35-3A84-4E38-A452-743A4A826374}.Debug|Any CPU.Build.0 = Debug|Any CPU
		{BD4DEC35-3A84-4E38-A452-743A4A826374}.Release|Any CPU.ActiveCfg = Release|Any CPU
		{BD4DEC35-3A84-4E38-A452-743A4A826374}.Release|Any CPU.Build.0 = Release|Any CPU
		{56569E1F-54BE-4B4E-8FDE-6719844DF17F}.Debug|Any CPU.ActiveCfg = Debug|Any CPU
		{56569E1F-54BE-4B4E-8FDE-6719844DF17F}.Debug|Any CPU.Build.0 = Debug|Any CPU
		{56569E1F-54BE-4B4E-8FDE-6719844DF17F}.Release|Any CPU.ActiveCfg = Release|Any CPU
		{56569E1F-54BE-4B4E-8FDE-6719844DF17F}.Release|Any CPU.Build.0 = Release|Any CPU
	EndGlobalSection
	GlobalSection(SolutionProperties) = preSolution
		HideSolutionNode = FALSE
	EndGlobalSection
	GlobalSection(ExtensibilityGlobals) = postSolution
		SolutionGuid = {79739ECC-9AD4-48C4-AD87-9738F3694294}
	EndGlobalSection
EndGlobal
